
Microsoft Visual Studio Solution File, Format Version 12.00
# Visual Studio Version 17
VisualStudioVersion = 17.12.35728.132 d17.12
MinimumVisualStudioVersion = 10.0.40219.1
Project("{2150E333-8FDC-42A3-9474-1A3956D46DE8}") = "Core", "Core", "{314ABC68-2D95-4B3A-B2A3-F90A79066CA5}"
EndProject
Project("{2150E333-8FDC-42A3-9474-1A3956D46DE8}") = "Infrastructure", "Infrastructure", "{5915DCE8-BF82-47CA-B7A1-28D3C5B42ED9}"
EndProject
Project("{2150E333-8FDC-42A3-9474-1A3956D46DE8}") = "Presentation", "Presentation", "{4C2376B9-92B5-47A3-8423-B1E4D92E6AE9}"
EndProject
Project("{2150E333-8FDC-42A3-9474-1A3956D46DE8}") = "Tests", "Tests", "{5F79619C-65E9-4526-91F5-4748990C8B6F}"
EndProject
Project("{FAE04EC0-301F-11D3-BF4B-00C04F79EFBC}") = "Notes.Domain", "Notes.Domain\Notes.Domain.csproj", "{CF502ED9-F926-4ECD-8CA7-6118C17CDCE3}"
EndProject
Project("{FAE04EC0-301F-11D3-BF4B-00C04F79EFBC}") = "Notes.Application", "Notes.Application\Notes.Application.csproj", "{AD053BB3-184C-4D0C-BA05-8903CE2C34EA}"
EndProject
Project("{FAE04EC0-301F-11D3-BF4B-00C04F79EFBC}") = "Notes.Persistance", "Notes.Persistance\Notes.Persistance.csproj", "{665A3232-660E-4BA6-AF44-A20207C3829B}"
EndProject
Project("{FAE04EC0-301F-11D3-BF4B-00C04F79EFBC}") = "Notes.WebApi", "Notes.WebApi\Notes.WebApi.csproj", "{6EE7F40F-52E0-4DD0-B440-E3FAA0BE2D53}"
EndProject
Global
	GlobalSection(SolutionConfigurationPlatforms) = preSolution
		Debug|Any CPU = Debug|Any CPU
		Release|Any CPU = Release|Any CPU
	EndGlobalSection
	GlobalSection(ProjectConfigurationPlatforms) = postSolution
		{CF502ED9-F926-4ECD-8CA7-6118C17CDCE3}.Debug|Any CPU.ActiveCfg = Debug|Any CPU
		{CF502ED9-F926-4ECD-8CA7-6118C17CDCE3}.Debug|Any CPU.Build.0 = Debug|Any CPU
		{CF502ED9-F926-4ECD-8CA7-6118C17CDCE3}.Release|Any CPU.ActiveCfg = Release|Any CPU
		{CF502ED9-F926-4ECD-8CA7-6118C17CDCE3}.Release|Any CPU.Build.0 = Release|Any CPU
		{AD053BB3-184C-4D0C-BA05-8903CE2C34EA}.Debug|Any CPU.ActiveCfg = Debug|Any CPU
		{AD053BB3-184C-4D0C-BA05-8903CE2C34EA}.Debug|Any CPU.Build.0 = Debug|Any CPU
		{AD053BB3-184C-4D0C-BA05-8903CE2C34EA}.Release|Any CPU.ActiveCfg = Release|Any CPU
		{AD053BB3-184C-4D0C-BA05-8903CE2C34EA}.Release|Any CPU.Build.0 = Release|Any CPU
		{665A3232-660E-4BA6-AF44-A20207C3829B}.Debug|Any CPU.ActiveCfg = Debug|Any CPU
		{665A3232-660E-4BA6-AF44-A20207C3829B}.Debug|Any CPU.Build.0 = Debug|Any CPU
		{665A3232-660E-4BA6-AF44-A20207C3829B}.Release|Any CPU.ActiveCfg = Release|Any CPU
		{665A3232-660E-4BA6-AF44-A20207C3829B}.Release|Any CPU.Build.0 = Release|Any CPU
		{6EE7F40F-52E0-4DD0-B440-E3FAA0BE2D53}.Debug|Any CPU.ActiveCfg = Debug|Any CPU
		{6EE7F40F-52E0-4DD0-B440-E3FAA0BE2D53}.Debug|Any CPU.Build.0 = Debug|Any CPU
		{6EE7F40F-52E0-4DD0-B440-E3FAA0BE2D53}.Release|Any CPU.ActiveCfg = Release|Any CPU
		{6EE7F40F-52E0-4DD0-B440-E3FAA0BE2D53}.Release|Any CPU.Build.0 = Release|Any CPU
	EndGlobalSection
	GlobalSection(SolutionProperties) = preSolution
		HideSolutionNode = FALSE
	EndGlobalSection
	GlobalSection(NestedProjects) = preSolution
		{CF502ED9-F926-4ECD-8CA7-6118C17CDCE3} = {314ABC68-2D95-4B3A-B2A3-F90A79066CA5}
		{AD053BB3-184C-4D0C-BA05-8903CE2C34EA} = {314ABC68-2D95-4B3A-B2A3-F90A79066CA5}
		{665A3232-660E-4BA6-AF44-A20207C3829B} = {5915DCE8-BF82-47CA-B7A1-28D3C5B42ED9}
		{6EE7F40F-52E0-4DD0-B440-E3FAA0BE2D53} = {4C2376B9-92B5-47A3-8423-B1E4D92E6AE9}
	EndGlobalSection
EndGlobal
